
Microsoft Visual Studio Solution File, Format Version 12.00
# Visual Studio 2012
Project("{FAE04EC0-301F-11D3-BF4B-00C04F79EFBC}") = "PSWinCom.Gateway.Client.Tests", "PSWinCom.Gateway.Client.Tests\PSWinCom.Gateway.Client.Tests.csproj", "{25D7ECB9-8C97-4E0F-BD35-FD9A22D0D587}"
EndProject
Project("{2150E333-8FDC-42A3-9474-1A3956D46DE8}") = ".nuget", ".nuget", "{8889F343-036C-492C-A0F7-52F377D015E5}"
	ProjectSection(SolutionItems) = preProject
		.nuget\NuGet.Config = .nuget\NuGet.Config
		.nuget\NuGet.exe = .nuget\NuGet.exe
		.nuget\NuGet.targets = .nuget\NuGet.targets
		PSWinCom.Gateway.Client.MessageFormatters.nuspec = PSWinCom.Gateway.Client.MessageFormatters.nuspec
		PSWinCom.Gateway.Client.Mms.nuspec = PSWinCom.Gateway.Client.Mms.nuspec
		PSWinCom.Gateway.Client.nuspec = PSWinCom.Gateway.Client.nuspec
	EndProjectSection
EndProject
Project("{FAE04EC0-301F-11D3-BF4B-00C04F79EFBC}") = "PSWinCom.Gateway.Client", "PSWinCom.Gateway.Client\PSWinCom.Gateway.Client.csproj", "{8BFB0221-2D4B-4268-9DF5-EB899211510A}"
EndProject
Project("{FAE04EC0-301F-11D3-BF4B-00C04F79EFBC}") = "PSWinCom.Gateway.Client.Net35", "PSWinCom.Gateway.Client.Net35\PSWinCom.Gateway.Client.Net35.csproj", "{CF0EA6F6-8921-4AE4-BF2D-26E05885D2D9}"
EndProject
Project("{2150E333-8FDC-42A3-9474-1A3956D46DE8}") = "MMS", "MMS", "{17CB41B5-8E38-4C39-A408-7572AFFFB239}"
EndProject
Project("{FAE04EC0-301F-11D3-BF4B-00C04F79EFBC}") = "PSWinCom.Gateway.Client.Mms", "PSWinCom.Gateway.Client.Mms\PSWinCom.Gateway.Client.Mms.csproj", "{6B46BCB7-D1F6-4EF1-A4E2-3A62DDAFFFD4}"
EndProject
Project("{2150E333-8FDC-42A3-9474-1A3956D46DE8}") = "Net20", "Net20", "{8C2AF9CC-6B8F-45F7-A27E-C33B18B8EC3F}"
EndProject
Project("{FAE04EC0-301F-11D3-BF4B-00C04F79EFBC}") = "PSWinCom.Gateway.MMS.Client.Net20", "net20\MMSClient\Client\PSWinCom.Gateway.MMS.Client.Net20.csproj", "{43FBB10D-0904-4949-BE93-0D78761A8D45}"
EndProject
Project("{FAE04EC0-301F-11D3-BF4B-00C04F79EFBC}") = "PSWinCom.Gateway.Client.Net20", "net20\SMSClient\PSWinCom.Gateway.Client.Net20.csproj", "{40E275A0-37FD-4E38-94BA-C7CC99881AB0}"
EndProject
Project("{FAE04EC0-301F-11D3-BF4B-00C04F79EFBC}") = "PSWinCom.Gateway.Client.Net35.Tests", "PSWinCom.Gateway.Client.Net35.Tests\PSWinCom.Gateway.Client.Net35.Tests.csproj", "{9ED866A2-2118-4B6B-B663-8C8DA1979C0E}"
EndProject
Project("{2150E333-8FDC-42A3-9474-1A3956D46DE8}") = "Net35", "Net35", "{97A54FD5-F236-4495-BC50-027DB21F2616}"
EndProject
Project("{2150E333-8FDC-42A3-9474-1A3956D46DE8}") = "Net45", "Net45", "{A3A1E4EF-8CC8-407A-9DB5-FCCF3C6FF595}"
EndProject
Project("{2150E333-8FDC-42A3-9474-1A3956D46DE8}") = "WapPush", "WapPush", "{6415F1EA-FC12-4FBD-9B6A-974DFE1BB740}"
EndProject
Project("{FAE04EC0-301F-11D3-BF4B-00C04F79EFBC}") = "PSWinCom.Gateway.Client.MessageFormatters", "PSWinCom.Gateway.Client.MessageFormatters\PSWinCom.Gateway.Client.MessageFormatters.csproj", "{127548DA-124F-4635-8181-574DEA7D476E}"
EndProject
Project("{FAE04EC0-301F-11D3-BF4B-00C04F79EFBC}") = "PSWinCom.Gateway.Client.WapPush.Tests", "PSWinCom.Gateway.Client.MessageFormatters.Tests\PSWinCom.Gateway.Client.WapPush.Tests.csproj", "{5A61F24E-707E-440F-8728-370B00DF7F42}"
EndProject
Global
	GlobalSection(SolutionConfigurationPlatforms) = preSolution
		Debug|Any CPU = Debug|Any CPU
		Release|Any CPU = Release|Any CPU
	EndGlobalSection
	GlobalSection(ProjectConfigurationPlatforms) = postSolution
		{25D7ECB9-8C97-4E0F-BD35-FD9A22D0D587}.Debug|Any CPU.ActiveCfg = Debug|Any CPU
		{25D7ECB9-8C97-4E0F-BD35-FD9A22D0D587}.Debug|Any CPU.Build.0 = Debug|Any CPU
		{25D7ECB9-8C97-4E0F-BD35-FD9A22D0D587}.Release|Any CPU.ActiveCfg = Release|Any CPU
		{25D7ECB9-8C97-4E0F-BD35-FD9A22D0D587}.Release|Any CPU.Build.0 = Release|Any CPU
		{8BFB0221-2D4B-4268-9DF5-EB899211510A}.Debug|Any CPU.ActiveCfg = Debug|Any CPU
		{8BFB0221-2D4B-4268-9DF5-EB899211510A}.Debug|Any CPU.Build.0 = Debug|Any CPU
		{8BFB0221-2D4B-4268-9DF5-EB899211510A}.Release|Any CPU.ActiveCfg = Release|Any CPU
		{8BFB0221-2D4B-4268-9DF5-EB899211510A}.Release|Any CPU.Build.0 = Release|Any CPU
		{CF0EA6F6-8921-4AE4-BF2D-26E05885D2D9}.Debug|Any CPU.ActiveCfg = Debug|Any CPU
		{CF0EA6F6-8921-4AE4-BF2D-26E05885D2D9}.Debug|Any CPU.Build.0 = Debug|Any CPU
		{CF0EA6F6-8921-4AE4-BF2D-26E05885D2D9}.Release|Any CPU.ActiveCfg = Release|Any CPU
		{CF0EA6F6-8921-4AE4-BF2D-26E05885D2D9}.Release|Any CPU.Build.0 = Release|Any CPU
		{6B46BCB7-D1F6-4EF1-A4E2-3A62DDAFFFD4}.Debug|Any CPU.ActiveCfg = Debug|Any CPU
		{6B46BCB7-D1F6-4EF1-A4E2-3A62DDAFFFD4}.Debug|Any CPU.Build.0 = Debug|Any CPU
		{6B46BCB7-D1F6-4EF1-A4E2-3A62DDAFFFD4}.Release|Any CPU.ActiveCfg = Release|Any CPU
		{6B46BCB7-D1F6-4EF1-A4E2-3A62DDAFFFD4}.Release|Any CPU.Build.0 = Release|Any CPU
		{43FBB10D-0904-4949-BE93-0D78761A8D45}.Debug|Any CPU.ActiveCfg = Debug|Any CPU
		{43FBB10D-0904-4949-BE93-0D78761A8D45}.Debug|Any CPU.Build.0 = Debug|Any CPU
		{43FBB10D-0904-4949-BE93-0D78761A8D45}.Release|Any CPU.ActiveCfg = Release|Any CPU
		{43FBB10D-0904-4949-BE93-0D78761A8D45}.Release|Any CPU.Build.0 = Release|Any CPU
		{40E275A0-37FD-4E38-94BA-C7CC99881AB0}.Debug|Any CPU.ActiveCfg = Debug|Any CPU
		{40E275A0-37FD-4E38-94BA-C7CC99881AB0}.Debug|Any CPU.Build.0 = Debug|Any CPU
		{40E275A0-37FD-4E38-94BA-C7CC99881AB0}.Release|Any CPU.ActiveCfg = Release|Any CPU
		{40E275A0-37FD-4E38-94BA-C7CC99881AB0}.Release|Any CPU.Build.0 = Release|Any CPU
		{9ED866A2-2118-4B6B-B663-8C8DA1979C0E}.Debug|Any CPU.ActiveCfg = Debug|Any CPU
		{9ED866A2-2118-4B6B-B663-8C8DA1979C0E}.Debug|Any CPU.Build.0 = Debug|Any CPU
		{9ED866A2-2118-4B6B-B663-8C8DA1979C0E}.Release|Any CPU.ActiveCfg = Release|Any CPU
		{9ED866A2-2118-4B6B-B663-8C8DA1979C0E}.Release|Any CPU.Build.0 = Release|Any CPU
		{127548DA-124F-4635-8181-574DEA7D476E}.Debug|Any CPU.ActiveCfg = Debug|Any CPU
		{127548DA-124F-4635-8181-574DEA7D476E}.Debug|Any CPU.Build.0 = Debug|Any CPU
		{127548DA-124F-4635-8181-574DEA7D476E}.Release|Any CPU.ActiveCfg = Release|Any CPU
		{127548DA-124F-4635-8181-574DEA7D476E}.Release|Any CPU.Build.0 = Release|Any CPU
		{5A61F24E-707E-440F-8728-370B00DF7F42}.Debug|Any CPU.ActiveCfg = Debug|Any CPU
		{5A61F24E-707E-440F-8728-370B00DF7F42}.Debug|Any CPU.Build.0 = Debug|Any CPU
		{5A61F24E-707E-440F-8728-370B00DF7F42}.Release|Any CPU.ActiveCfg = Release|Any CPU
		{5A61F24E-707E-440F-8728-370B00DF7F42}.Release|Any CPU.Build.0 = Release|Any CPU
	EndGlobalSection
	GlobalSection(SolutionProperties) = preSolution
		HideSolutionNode = FALSE
	EndGlobalSection
	GlobalSection(NestedProjects) = preSolution
		{8BFB0221-2D4B-4268-9DF5-EB899211510A} = {A3A1E4EF-8CC8-407A-9DB5-FCCF3C6FF595}
		{25D7ECB9-8C97-4E0F-BD35-FD9A22D0D587} = {A3A1E4EF-8CC8-407A-9DB5-FCCF3C6FF595}
		{9ED866A2-2118-4B6B-B663-8C8DA1979C0E} = {97A54FD5-F236-4495-BC50-027DB21F2616}
		{CF0EA6F6-8921-4AE4-BF2D-26E05885D2D9} = {97A54FD5-F236-4495-BC50-027DB21F2616}
		{6B46BCB7-D1F6-4EF1-A4E2-3A62DDAFFFD4} = {17CB41B5-8E38-4C39-A408-7572AFFFB239}
		{43FBB10D-0904-4949-BE93-0D78761A8D45} = {8C2AF9CC-6B8F-45F7-A27E-C33B18B8EC3F}
		{40E275A0-37FD-4E38-94BA-C7CC99881AB0} = {8C2AF9CC-6B8F-45F7-A27E-C33B18B8EC3F}
		{127548DA-124F-4635-8181-574DEA7D476E} = {6415F1EA-FC12-4FBD-9B6A-974DFE1BB740}
		{5A61F24E-707E-440F-8728-370B00DF7F42} = {6415F1EA-FC12-4FBD-9B6A-974DFE1BB740}
	EndGlobalSection
EndGlobal
