
Microsoft Visual Studio Solution File, Format Version 12.00
# Visual Studio 15
VisualStudioVersion = 15.0.27130.2010
MinimumVisualStudioVersion = 10.0.40219.1
Project("{FAE04EC0-301F-11D3-BF4B-00C04F79EFBC}") = "PSWinCom.Gateway.Client.Tests", "PSWinCom.Gateway.Client.Tests\PSWinCom.Gateway.Client.Tests.csproj", "{25D7ECB9-8C97-4E0F-BD35-FD9A22D0D587}"
EndProject
Project("{2150E333-8FDC-42A3-9474-1A3956D46DE8}") = ".nuget", ".nuget", "{8889F343-036C-492C-A0F7-52F377D015E5}"
	ProjectSection(SolutionItems) = preProject
		PSWinCom.Gateway.Client.MessageFormatters.nuspec = PSWinCom.Gateway.Client.MessageFormatters.nuspec
		PSWinCom.Gateway.Client.Mms.nuspec = PSWinCom.Gateway.Client.Mms.nuspec
		PSWinCom.Gateway.Client.nuspec = PSWinCom.Gateway.Client.nuspec
	EndProjectSection
EndProject
Project("{FAE04EC0-301F-11D3-BF4B-00C04F79EFBC}") = "PSWinCom.Gateway.Client", "PSWinCom.Gateway.Client\PSWinCom.Gateway.Client.csproj", "{8BFB0221-2D4B-4268-9DF5-EB899211510A}"
EndProject
Project("{FAE04EC0-301F-11D3-BF4B-00C04F79EFBC}") = "PSWinCom.Gateway.Client.Net35", "PSWinCom.Gateway.Client.Net35\PSWinCom.Gateway.Client.Net35.csproj", "{CF0EA6F6-8921-4AE4-BF2D-26E05885D2D9}"
EndProject
Project("{2150E333-8FDC-42A3-9474-1A3956D46DE8}") = "MMS", "MMS", "{17CB41B5-8E38-4C39-A408-7572AFFFB239}"
EndProject
Project("{FAE04EC0-301F-11D3-BF4B-00C04F79EFBC}") = "PSWinCom.Gateway.Client.Mms", "PSWinCom.Gateway.Client.Mms\PSWinCom.Gateway.Client.Mms.csproj", "{6B46BCB7-D1F6-4EF1-A4E2-3A62DDAFFFD4}"
EndProject
Project("{2150E333-8FDC-42A3-9474-1A3956D46DE8}") = "Net20", "Net20", "{8C2AF9CC-6B8F-45F7-A27E-C33B18B8EC3F}"
EndProject
Project("{FAE04EC0-301F-11D3-BF4B-00C04F79EFBC}") = "PSWinCom.Gateway.MMS.Client.Net20", "net20\MMSClient\Client\PSWinCom.Gateway.MMS.Client.Net20.csproj", "{43FBB10D-0904-4949-BE93-0D78761A8D45}"
EndProject
Project("{FAE04EC0-301F-11D3-BF4B-00C04F79EFBC}") = "PSWinCom.Gateway.Client.Net20", "net20\SMSClient\PSWinCom.Gateway.Client.Net20.csproj", "{40E275A0-37FD-4E38-94BA-C7CC99881AB0}"
EndProject
Project("{FAE04EC0-301F-11D3-BF4B-00C04F79EFBC}") = "PSWinCom.Gateway.Client.Net35.Tests", "PSWinCom.Gateway.Client.Net35.Tests\PSWinCom.Gateway.Client.Net35.Tests.csproj", "{9ED866A2-2118-4B6B-B663-8C8DA1979C0E}"
EndProject
Project("{2150E333-8FDC-42A3-9474-1A3956D46DE8}") = "Net35", "Net35", "{97A54FD5-F236-4495-BC50-027DB21F2616}"
EndProject
Project("{2150E333-8FDC-42A3-9474-1A3956D46DE8}") = "Net45", "Net45", "{A3A1E4EF-8CC8-407A-9DB5-FCCF3C6FF595}"
EndProject
Project("{2150E333-8FDC-42A3-9474-1A3956D46DE8}") = "MessageFormatters", "MessageFormatters", "{6415F1EA-FC12-4FBD-9B6A-974DFE1BB740}"
EndProject
Project("{FAE04EC0-301F-11D3-BF4B-00C04F79EFBC}") = "PSWinCom.Gateway.Client.MessageFormatters", "PSWinCom.Gateway.Client.MessageFormatters\PSWinCom.Gateway.Client.MessageFormatters.csproj", "{127548DA-124F-4635-8181-574DEA7D476E}"
EndProject
Project("{FAE04EC0-301F-11D3-BF4B-00C04F79EFBC}") = "PSWinCom.Gateway.Client.WapPush.Tests", "PSWinCom.Gateway.Client.MessageFormatters.Tests\PSWinCom.Gateway.Client.WapPush.Tests.csproj", "{5A61F24E-707E-440F-8728-370B00DF7F42}"
EndProject
Project("{2150E333-8FDC-42A3-9474-1A3956D46DE8}") = "Receiver", "Receiver", "{603AB63C-2B4B-4323-BB25-E3DA0EBC71FF}"
EndProject
Project("{FAE04EC0-301F-11D3-BF4B-00C04F79EFBC}") = "PSWinCom.Gateway.Client.Receiver", "PSWinCom.Gateway.Receiver\PSWinCom.Gateway.Client.Receiver.csproj", "{66169326-31C7-4C92-BEB8-CBF1A59087A2}"
EndProject
Project("{FAE04EC0-301F-11D3-BF4B-00C04F79EFBC}") = "PSWinCom.Gateway.Client.Receiver.Tests", "PSWinCom.Gateway.Client.Receiver.Tests\PSWinCom.Gateway.Client.Receiver.Tests.csproj", "{4CE233AC-D50C-438B-B85E-94ECB85671B9}"
EndProject
Project("{2150E333-8FDC-42A3-9474-1A3956D46DE8}") = "Solution Items", "Solution Items", "{72E11F47-DE67-4DBD-8BFC-D54632999DA9}"
	ProjectSection(SolutionItems) = preProject
		version.txt = version.txt
	EndProjectSection
EndProject
Project("{2150E333-8FDC-42A3-9474-1A3956D46DE8}") = "Net40", "Net40", "{C9B6EECF-A824-4EEE-BBE1-4C5BB61D1922}"
EndProject
Project("{FAE04EC0-301F-11D3-BF4B-00C04F79EFBC}") = "PSWinCom.Gateway.Client.Net40", "PSWinCom.Gateway.Client.Net40\PSWinCom.Gateway.Client.Net40.csproj", "{CA463012-660D-4232-A38E-9B9A2905CCEC}"
EndProject
Project("{2150E333-8FDC-42A3-9474-1A3956D46DE8}") = "NetCoreApp20", "NetCoreApp20", "{FDFB11D8-27D3-487C-BA0A-6C7CED30C844}"
EndProject
Project("{2150E333-8FDC-42A3-9474-1A3956D46DE8}") = "NetCoreApp2.0", "NetCoreApp2.0", "{C5357CA1-4D68-40E6-9DEB-45F74916607E}"
EndProject
Project("{9A19103F-16F7-4668-BE54-9A1E7A4F7556}") = "PSWinCom.Gateway.Client.Mms.NetCoreApp2.0", "PSWinCom.Gateway.Client.Mms.NetCoreApp2.0\PSWinCom.Gateway.Client.Mms.NetCoreApp2.0.csproj", "{F823A8C4-C0A8-456C-85F1-14016120B7C9}"
EndProject
Project("{2150E333-8FDC-42A3-9474-1A3956D46DE8}") = "Client", "Client", "{AC9B4CE1-6F94-4B34-81EB-DE4EA4FCA76A}"
EndProject
Project("{9A19103F-16F7-4668-BE54-9A1E7A4F7556}") = "PSWinCom.Gateway.Client.NetCoreApp20", "PSWinCom.Gateway.Client.NetCoreApp20\PSWinCom.Gateway.Client.NetCoreApp20.csproj", "{F21ABECD-3959-4D4E-BA8D-1E27B4033FAF}"
EndProject
Project("{9A19103F-16F7-4668-BE54-9A1E7A4F7556}") = "PSWinCom.Gateway.Client.NetCoreApp20.Tests", "PSWinCom.Gateway.Client.NetCoreApp20.Tests\PSWinCom.Gateway.Client.NetCoreApp20.Tests.csproj", "{93424367-C710-4A91-8378-D153036F3808}"
EndProject
Project("{2150E333-8FDC-42A3-9474-1A3956D46DE8}") = "Net35", "Net35", "{CFB2C6D3-1B1C-4EE7-AD6C-FA43D1EE86B9}"
EndProject
Project("{2150E333-8FDC-42A3-9474-1A3956D46DE8}") = "NetCoreApp20", "NetCoreApp20", "{C63B06A7-75FB-462B-8C74-CCCD45054BCA}"
EndProject
Project("{FAE04EC0-301F-11D3-BF4B-00C04F79EFBC}") = "PSWinCom.Gateway.Client.MessageFormatters.NetCoreApp20", "PSWinCom.Gateway.Client.MessageFormatters.NetCoreApp20\PSWinCom.Gateway.Client.MessageFormatters.NetCoreApp20.csproj", "{2DFDA8A5-BD8C-4EB7-ACC1-888CF03840EB}"
EndProject
Global
	GlobalSection(SolutionConfigurationPlatforms) = preSolution
		Debug|Any CPU = Debug|Any CPU
		Release|Any CPU = Release|Any CPU
	EndGlobalSection
	GlobalSection(ProjectConfigurationPlatforms) = postSolution
		{25D7ECB9-8C97-4E0F-BD35-FD9A22D0D587}.Debug|Any CPU.ActiveCfg = Debug|Any CPU
		{25D7ECB9-8C97-4E0F-BD35-FD9A22D0D587}.Debug|Any CPU.Build.0 = Debug|Any CPU
		{25D7ECB9-8C97-4E0F-BD35-FD9A22D0D587}.Release|Any CPU.ActiveCfg = Release|Any CPU
		{25D7ECB9-8C97-4E0F-BD35-FD9A22D0D587}.Release|Any CPU.Build.0 = Release|Any CPU
		{8BFB0221-2D4B-4268-9DF5-EB899211510A}.Debug|Any CPU.ActiveCfg = Debug|Any CPU
		{8BFB0221-2D4B-4268-9DF5-EB899211510A}.Debug|Any CPU.Build.0 = Debug|Any CPU
		{8BFB0221-2D4B-4268-9DF5-EB899211510A}.Release|Any CPU.ActiveCfg = Release|Any CPU
		{8BFB0221-2D4B-4268-9DF5-EB899211510A}.Release|Any CPU.Build.0 = Release|Any CPU
		{CF0EA6F6-8921-4AE4-BF2D-26E05885D2D9}.Debug|Any CPU.ActiveCfg = Debug|Any CPU
		{CF0EA6F6-8921-4AE4-BF2D-26E05885D2D9}.Debug|Any CPU.Build.0 = Debug|Any CPU
		{CF0EA6F6-8921-4AE4-BF2D-26E05885D2D9}.Release|Any CPU.ActiveCfg = Release|Any CPU
		{CF0EA6F6-8921-4AE4-BF2D-26E05885D2D9}.Release|Any CPU.Build.0 = Release|Any CPU
		{6B46BCB7-D1F6-4EF1-A4E2-3A62DDAFFFD4}.Debug|Any CPU.ActiveCfg = Debug|Any CPU
		{6B46BCB7-D1F6-4EF1-A4E2-3A62DDAFFFD4}.Debug|Any CPU.Build.0 = Debug|Any CPU
		{6B46BCB7-D1F6-4EF1-A4E2-3A62DDAFFFD4}.Release|Any CPU.ActiveCfg = Release|Any CPU
		{6B46BCB7-D1F6-4EF1-A4E2-3A62DDAFFFD4}.Release|Any CPU.Build.0 = Release|Any CPU
		{43FBB10D-0904-4949-BE93-0D78761A8D45}.Debug|Any CPU.ActiveCfg = Debug|Any CPU
		{43FBB10D-0904-4949-BE93-0D78761A8D45}.Debug|Any CPU.Build.0 = Debug|Any CPU
		{43FBB10D-0904-4949-BE93-0D78761A8D45}.Release|Any CPU.ActiveCfg = Release|Any CPU
		{43FBB10D-0904-4949-BE93-0D78761A8D45}.Release|Any CPU.Build.0 = Release|Any CPU
		{40E275A0-37FD-4E38-94BA-C7CC99881AB0}.Debug|Any CPU.ActiveCfg = Debug|Any CPU
		{40E275A0-37FD-4E38-94BA-C7CC99881AB0}.Debug|Any CPU.Build.0 = Debug|Any CPU
		{40E275A0-37FD-4E38-94BA-C7CC99881AB0}.Release|Any CPU.ActiveCfg = Release|Any CPU
		{40E275A0-37FD-4E38-94BA-C7CC99881AB0}.Release|Any CPU.Build.0 = Release|Any CPU
		{9ED866A2-2118-4B6B-B663-8C8DA1979C0E}.Debug|Any CPU.ActiveCfg = Debug|Any CPU
		{9ED866A2-2118-4B6B-B663-8C8DA1979C0E}.Debug|Any CPU.Build.0 = Debug|Any CPU
		{9ED866A2-2118-4B6B-B663-8C8DA1979C0E}.Release|Any CPU.ActiveCfg = Release|Any CPU
		{9ED866A2-2118-4B6B-B663-8C8DA1979C0E}.Release|Any CPU.Build.0 = Release|Any CPU
		{127548DA-124F-4635-8181-574DEA7D476E}.Debug|Any CPU.ActiveCfg = Debug|Any CPU
		{127548DA-124F-4635-8181-574DEA7D476E}.Debug|Any CPU.Build.0 = Debug|Any CPU
		{127548DA-124F-4635-8181-574DEA7D476E}.Release|Any CPU.ActiveCfg = Release|Any CPU
		{127548DA-124F-4635-8181-574DEA7D476E}.Release|Any CPU.Build.0 = Release|Any CPU
		{5A61F24E-707E-440F-8728-370B00DF7F42}.Debug|Any CPU.ActiveCfg = Debug|Any CPU
		{5A61F24E-707E-440F-8728-370B00DF7F42}.Debug|Any CPU.Build.0 = Debug|Any CPU
		{5A61F24E-707E-440F-8728-370B00DF7F42}.Release|Any CPU.ActiveCfg = Release|Any CPU
		{5A61F24E-707E-440F-8728-370B00DF7F42}.Release|Any CPU.Build.0 = Release|Any CPU
		{66169326-31C7-4C92-BEB8-CBF1A59087A2}.Debug|Any CPU.ActiveCfg = Debug|Any CPU
		{66169326-31C7-4C92-BEB8-CBF1A59087A2}.Debug|Any CPU.Build.0 = Debug|Any CPU
		{66169326-31C7-4C92-BEB8-CBF1A59087A2}.Release|Any CPU.ActiveCfg = Release|Any CPU
		{66169326-31C7-4C92-BEB8-CBF1A59087A2}.Release|Any CPU.Build.0 = Release|Any CPU
		{4CE233AC-D50C-438B-B85E-94ECB85671B9}.Debug|Any CPU.ActiveCfg = Debug|Any CPU
		{4CE233AC-D50C-438B-B85E-94ECB85671B9}.Debug|Any CPU.Build.0 = Debug|Any CPU
		{4CE233AC-D50C-438B-B85E-94ECB85671B9}.Release|Any CPU.ActiveCfg = Release|Any CPU
		{4CE233AC-D50C-438B-B85E-94ECB85671B9}.Release|Any CPU.Build.0 = Release|Any CPU
		{CA463012-660D-4232-A38E-9B9A2905CCEC}.Debug|Any CPU.ActiveCfg = Debug|Any CPU
		{CA463012-660D-4232-A38E-9B9A2905CCEC}.Debug|Any CPU.Build.0 = Debug|Any CPU
		{CA463012-660D-4232-A38E-9B9A2905CCEC}.Release|Any CPU.ActiveCfg = Release|Any CPU
		{CA463012-660D-4232-A38E-9B9A2905CCEC}.Release|Any CPU.Build.0 = Release|Any CPU
		{F823A8C4-C0A8-456C-85F1-14016120B7C9}.Debug|Any CPU.ActiveCfg = Debug|Any CPU
		{F823A8C4-C0A8-456C-85F1-14016120B7C9}.Debug|Any CPU.Build.0 = Debug|Any CPU
		{F823A8C4-C0A8-456C-85F1-14016120B7C9}.Release|Any CPU.ActiveCfg = Release|Any CPU
		{F823A8C4-C0A8-456C-85F1-14016120B7C9}.Release|Any CPU.Build.0 = Release|Any CPU
		{F21ABECD-3959-4D4E-BA8D-1E27B4033FAF}.Debug|Any CPU.ActiveCfg = Debug|Any CPU
		{F21ABECD-3959-4D4E-BA8D-1E27B4033FAF}.Debug|Any CPU.Build.0 = Debug|Any CPU
		{F21ABECD-3959-4D4E-BA8D-1E27B4033FAF}.Release|Any CPU.ActiveCfg = Release|Any CPU
		{F21ABECD-3959-4D4E-BA8D-1E27B4033FAF}.Release|Any CPU.Build.0 = Release|Any CPU
		{93424367-C710-4A91-8378-D153036F3808}.Debug|Any CPU.ActiveCfg = Debug|Any CPU
		{93424367-C710-4A91-8378-D153036F3808}.Debug|Any CPU.Build.0 = Debug|Any CPU
		{93424367-C710-4A91-8378-D153036F3808}.Release|Any CPU.ActiveCfg = Release|Any CPU
		{93424367-C710-4A91-8378-D153036F3808}.Release|Any CPU.Build.0 = Release|Any CPU
		{2DFDA8A5-BD8C-4EB7-ACC1-888CF03840EB}.Debug|Any CPU.ActiveCfg = Debug|Any CPU
		{2DFDA8A5-BD8C-4EB7-ACC1-888CF03840EB}.Debug|Any CPU.Build.0 = Debug|Any CPU
		{2DFDA8A5-BD8C-4EB7-ACC1-888CF03840EB}.Release|Any CPU.ActiveCfg = Release|Any CPU
		{2DFDA8A5-BD8C-4EB7-ACC1-888CF03840EB}.Release|Any CPU.Build.0 = Release|Any CPU
	EndGlobalSection
	GlobalSection(SolutionProperties) = preSolution
		HideSolutionNode = FALSE
	EndGlobalSection
	GlobalSection(NestedProjects) = preSolution
		{25D7ECB9-8C97-4E0F-BD35-FD9A22D0D587} = {A3A1E4EF-8CC8-407A-9DB5-FCCF3C6FF595}
		{8BFB0221-2D4B-4268-9DF5-EB899211510A} = {A3A1E4EF-8CC8-407A-9DB5-FCCF3C6FF595}
		{CF0EA6F6-8921-4AE4-BF2D-26E05885D2D9} = {97A54FD5-F236-4495-BC50-027DB21F2616}
		{6B46BCB7-D1F6-4EF1-A4E2-3A62DDAFFFD4} = {17CB41B5-8E38-4C39-A408-7572AFFFB239}
		{8C2AF9CC-6B8F-45F7-A27E-C33B18B8EC3F} = {AC9B4CE1-6F94-4B34-81EB-DE4EA4FCA76A}
		{43FBB10D-0904-4949-BE93-0D78761A8D45} = {8C2AF9CC-6B8F-45F7-A27E-C33B18B8EC3F}
		{40E275A0-37FD-4E38-94BA-C7CC99881AB0} = {8C2AF9CC-6B8F-45F7-A27E-C33B18B8EC3F}
		{9ED866A2-2118-4B6B-B663-8C8DA1979C0E} = {97A54FD5-F236-4495-BC50-027DB21F2616}
		{97A54FD5-F236-4495-BC50-027DB21F2616} = {AC9B4CE1-6F94-4B34-81EB-DE4EA4FCA76A}
		{A3A1E4EF-8CC8-407A-9DB5-FCCF3C6FF595} = {AC9B4CE1-6F94-4B34-81EB-DE4EA4FCA76A}
		{127548DA-124F-4635-8181-574DEA7D476E} = {CFB2C6D3-1B1C-4EE7-AD6C-FA43D1EE86B9}
		{5A61F24E-707E-440F-8728-370B00DF7F42} = {CFB2C6D3-1B1C-4EE7-AD6C-FA43D1EE86B9}
		{66169326-31C7-4C92-BEB8-CBF1A59087A2} = {603AB63C-2B4B-4323-BB25-E3DA0EBC71FF}
		{4CE233AC-D50C-438B-B85E-94ECB85671B9} = {603AB63C-2B4B-4323-BB25-E3DA0EBC71FF}
		{C9B6EECF-A824-4EEE-BBE1-4C5BB61D1922} = {AC9B4CE1-6F94-4B34-81EB-DE4EA4FCA76A}
		{CA463012-660D-4232-A38E-9B9A2905CCEC} = {C9B6EECF-A824-4EEE-BBE1-4C5BB61D1922}
		{FDFB11D8-27D3-487C-BA0A-6C7CED30C844} = {AC9B4CE1-6F94-4B34-81EB-DE4EA4FCA76A}
		{C5357CA1-4D68-40E6-9DEB-45F74916607E} = {17CB41B5-8E38-4C39-A408-7572AFFFB239}
		{F823A8C4-C0A8-456C-85F1-14016120B7C9} = {C5357CA1-4D68-40E6-9DEB-45F74916607E}
		{F21ABECD-3959-4D4E-BA8D-1E27B4033FAF} = {FDFB11D8-27D3-487C-BA0A-6C7CED30C844}
		{93424367-C710-4A91-8378-D153036F3808} = {FDFB11D8-27D3-487C-BA0A-6C7CED30C844}
		{CFB2C6D3-1B1C-4EE7-AD6C-FA43D1EE86B9} = {6415F1EA-FC12-4FBD-9B6A-974DFE1BB740}
		{C63B06A7-75FB-462B-8C74-CCCD45054BCA} = {6415F1EA-FC12-4FBD-9B6A-974DFE1BB740}
		{2DFDA8A5-BD8C-4EB7-ACC1-888CF03840EB} = {C63B06A7-75FB-462B-8C74-CCCD45054BCA}
	EndGlobalSection
	GlobalSection(ExtensibilityGlobals) = postSolution
		SolutionGuid = {C5F5D2DB-ABB0-4EDD-95AC-1621D8D4EFF7}
	EndGlobalSection
EndGlobal
